<?xml version="1.0" encoding="utf-8"?>
<Project ToolsVersion="4.0" xmlns="http://schemas.microsoft.com/developer/msbuild/2003">
  <ItemGroup>
    <Filter Include="Source Files">
      <UniqueIdentifier>{bf667482-5bf7-466f-9345-7ebd67f93d27}</UniqueIdentifier>
      <Extensions>cpp;c;cxx;def;odl;idl;hpj;bat;asm</Extensions>
    </Filter>
    <Filter Include="Header Files">
      <UniqueIdentifier>{8f2dfcee-90b7-47b8-a69c-1858c25f8309}</UniqueIdentifier>
      <Extensions>h;hpp;hxx;hm;inl;inc</Extensions>
    </Filter>
    <Filter Include="Resource Files">
      <UniqueIdentifier>{be78b8f9-75c2-4718-9088-976d7322d910}</UniqueIdentifier>
      <Extensions>rc;ico;cur;bmp;dlg;rc2;rct;bin;rgs;jpg;jpeg;jpe;manifest</Extensions>
    </Filter>
  </ItemGroup>
  <ItemGroup>
    <ClCompile Include="ExcelTest.cpp">
      <Filter>Source Files</Filter>
    </ClCompile>
    <ClCompile Include="ExcelTestDlg.cpp">
      <Filter>Source Files</Filter>
    </ClCompile>
    <ClCompile Include="stdafx.cpp">
      <Filter>Source Files</Filter>
    </ClCompile>
    <ClCompile Include="PictureEx.cpp">
      <Filter>Source Files</Filter>
    </ClCompile>
    <ClCompile Include="HScrollListBox.cpp">
      <Filter>Source Files</Filter>
    </ClCompile>
    <ClCompile Include="DragString.cpp">
      <Filter>Source Files</Filter>
    </ClCompile>
  </ItemGroup>
  <ItemGroup>
    <ClInclude Include="CApplication.h">
      <Filter>Header Files</Filter>
    </ClInclude>
    <ClInclude Include="CBorder.h">
      <Filter>Header Files</Filter>
    </ClInclude>
    <ClInclude Include="CBorders.h">
      <Filter>Header Files</Filter>
    </ClInclude>
    <ClInclude Include="CCellFormat.h">
      <Filter>Header Files</Filter>
    </ClInclude>
    <ClInclude Include="CChart.h">
      <Filter>Header Files</Filter>
    </ClInclude>
    <ClInclude Include="CChartArea.h">
      <Filter>Header Files</Filter>
    </ClInclude>
    <ClInclude Include="CChartColorFormat.h">
      <Filter>Header Files</Filter>
    </ClInclude>
    <ClInclude Include="CChartGroup.h">
      <Filter>Header Files</Filter>
    </ClInclude>
    <ClInclude Include="CChartGroups.h">
      <Filter>Header Files</Filter>
    </ClInclude>
    <ClInclude Include="CChartObject.h">
      <Filter>Header Files</Filter>
    </ClInclude>
    <ClInclude Include="CChartObjects.h">
      <Filter>Header Files</Filter>
    </ClInclude>
    <ClInclude Include="CChartTitle.h">
      <Filter>Header Files</Filter>
    </ClInclude>
    <ClInclude Include="CCharts.h">
      <Filter>Header Files</Filter>
    </ClInclude>
    <ClInclude Include="CDiagram.h">
      <Filter>Header Files</Filter>
    </ClInclude>
    <ClInclude Include="CRange.h">
      <Filter>Header Files</Filter>
    </ClInclude>
    <ClInclude Include="CWorkbook.h">
      <Filter>Header Files</Filter>
    </ClInclude>
    <ClInclude Include="CWorkbooks.h">
      <Filter>Header Files</Filter>
    </ClInclude>
    <ClInclude Include="CWorksheet.h">
      <Filter>Header Files</Filter>
    </ClInclude>
    <ClInclude Include="CWorksheets.h">
      <Filter>Header Files</Filter>
    </ClInclude>
    <ClInclude Include="ExcelTest.h">
      <Filter>Header Files</Filter>
    </ClInclude>
    <ClInclude Include="ExcelTestDlg.h">
      <Filter>Header Files</Filter>
    </ClInclude>
    <ClInclude Include="Resource.h">
      <Filter>Header Files</Filter>
    </ClInclude>
    <ClInclude Include="stdafx.h">
      <Filter>Header Files</Filter>
    </ClInclude>
    <ClInclude Include="PictureEx.h">
      <Filter>Header Files</Filter>
    </ClInclude>
    <ClInclude Include="HScrollListBox.h">
      <Filter>Header Files</Filter>
    </ClInclude>
    <ClInclude Include="DragString.h">
      <Filter>Header Files</Filter>
    </ClInclude>
  </ItemGroup>
  <ItemGroup>
    <None Include="res\ExcelTest.ico">
      <Filter>Resource Files</Filter>
    </None>
    <None Include="res\ExcelTest.rc2">
      <Filter>Resource Files</Filter>
    </None>
    <None Include="ReadMe.txt" />
    <None Include="res\gif2.bin">
      <Filter>Resource Files</Filter>
    </None>
    <None Include="..\..\..\..\..\Pictures\2\felix_new.gif" />
    <None Include="..\..\..\..\..\Pictures\2\nokat.gif" />
    <None Include="..\..\..\..\..\Pictures\2\NAME.bmp">
      <Filter>Resource Files</Filter>
    </None>
    <None Include="..\..\..\..\..\Pictures\2\NAME.gif" />
    <None Include="resource.hm">
      <Filter>Header Files</Filter>
    </None>
  </ItemGroup>
  <ItemGroup>
    <ResourceCompile Include="ExcelTest.rc">
      <Filter>Resource Files</Filter>
    </ResourceCompile>
  </ItemGroup>
</Project>